
Microsoft Visual Studio Solution File, Format Version 12.00
# Visual Studio 15
VisualStudioVersion = 15.0.28307.757
MinimumVisualStudioVersion = 10.0.40219.1
Project("{FAE04EC0-301F-11D3-BF4B-00C04F79EFBC}") = "500UEH", "500UEH\500UEH.csproj", "{31A2665F-232B-46C5-B96F-F955B6A459C9}"
EndProject
Global
	GlobalSection(SolutionConfigurationPlatforms) = preSolution
		Debug|Any CPU = Debug|Any CPU
		Release|Any CPU = Release|Any CPU
	EndGlobalSection
	GlobalSection(ProjectConfigurationPlatforms) = postSolution
		{31A2665F-232B-46C5-B96F-F955B6A459C9}.Debug|Any CPU.ActiveCfg = Debug|Any CPU
		{31A2665F-232B-46C5-B96F-F955B6A459C9}.Debug|Any CPU.Build.0 = Debug|Any CPU
		{31A2665F-232B-46C5-B96F-F955B6A459C9}.Release|Any CPU.ActiveCfg = Release|Any CPU
		{31A2665F-232B-46C5-B96F-F955B6A459C9}.Release|Any CPU.Build.0 = Release|Any CPU
	EndGlobalSection
	GlobalSection(SolutionProperties) = preSolution
		HideSolutionNode = FALSE
	EndGlobalSection
	GlobalSection(ExtensibilityGlobals) = postSolution
		SolutionGuid = {99D899C0-E858-411E-BDED-0F136F565FBA}
	EndGlobalSection
EndGlobal
